
Microsoft Visual Studio Solution File, Format Version 12.00
# Visual Studio 14
VisualStudioVersion = 14.0.25420.1
MinimumVisualStudioVersion = 10.0.40219.1
Project("{FAE04EC0-301F-11D3-BF4B-00C04F79EFBC}") = "IValueConverter_Xamarin.Forms.Droid", "IValueConverter_Xamarin.Forms\IValueConverter_Xamarin.Forms.Droid\IValueConverter_Xamarin.Forms.Droid.csproj", "{2C0D2542-1405-4ACA-AC86-D4B74FC4B08B}"
EndProject
Project("{FAE04EC0-301F-11D3-BF4B-00C04F79EFBC}") = "IValueConverter_Xamarin.Forms", "IValueConverter_Xamarin.Forms\IValueConverter_Xamarin.Forms\IValueConverter_Xamarin.Forms.csproj", "{4F870AB9-AF67-4DFF-9987-01B888164E09}"
EndProject
Project("{FAE04EC0-301F-11D3-BF4B-00C04F79EFBC}") = "IValueConverter_Xamarin.Forms.WinPhone", "IValueConverter_Xamarin.Forms\IValueConverter_Xamarin.Forms.WinPhone\IValueConverter_Xamarin.Forms.WinPhone.csproj", "{04B50F67-68AB-4A6F-83F3-09FEEA9C4C48}"
EndProject
Project("{FAE04EC0-301F-11D3-BF4B-00C04F79EFBC}") = "IValueConverter_Xamarin.Forms.UWP", "IValueConverter_Xamarin.Forms\IValueConverter_Xamarin.Forms.UWP\IValueConverter_Xamarin.Forms.UWP.csproj", "{1ACEF05D-522A-49C1-A0BF-C9A3FBC9B4AE}"
EndProject
Project("{FAE04EC0-301F-11D3-BF4B-00C04F79EFBC}") = "IValueConverter_Xamarin.Forms.iOS", "IValueConverter_Xamarin.Forms\IValueConverter_Xamarin.Forms.iOS\IValueConverter_Xamarin.Forms.iOS.csproj", "{B645B7C2-4C2A-47FE-A3D7-5F0D3AB510B8}"
EndProject
Project("{FAE04EC0-301F-11D3-BF4B-00C04F79EFBC}") = "IValueConverter_Xamarin.Forms.Windows", "IValueConverter_Xamarin.Forms\IValueConverter_Xamarin.Forms.Windows\IValueConverter_Xamarin.Forms.Windows.csproj", "{42FB7581-805C-4162-BE31-9943BB88F313}"
EndProject
Global
	GlobalSection(SolutionConfigurationPlatforms) = preSolution
		Ad-Hoc|Any CPU = Ad-Hoc|Any CPU
		Ad-Hoc|ARM = Ad-Hoc|ARM
		Ad-Hoc|iPhone = Ad-Hoc|iPhone
		Ad-Hoc|iPhoneSimulator = Ad-Hoc|iPhoneSimulator
		Ad-Hoc|x64 = Ad-Hoc|x64
		Ad-Hoc|x86 = Ad-Hoc|x86
		AppStore|Any CPU = AppStore|Any CPU
		AppStore|ARM = AppStore|ARM
		AppStore|iPhone = AppStore|iPhone
		AppStore|iPhoneSimulator = AppStore|iPhoneSimulator
		AppStore|x64 = AppStore|x64
		AppStore|x86 = AppStore|x86
		Debug|Any CPU = Debug|Any CPU
		Debug|ARM = Debug|ARM
		Debug|iPhone = Debug|iPhone
		Debug|iPhoneSimulator = Debug|iPhoneSimulator
		Debug|x64 = Debug|x64
		Debug|x86 = Debug|x86
		Release|Any CPU = Release|Any CPU
		Release|ARM = Release|ARM
		Release|iPhone = Release|iPhone
		Release|iPhoneSimulator = Release|iPhoneSimulator
		Release|x64 = Release|x64
		Release|x86 = Release|x86
	EndGlobalSection
	GlobalSection(ProjectConfigurationPlatforms) = postSolution
		{2C0D2542-1405-4ACA-AC86-D4B74FC4B08B}.Ad-Hoc|Any CPU.ActiveCfg = Release|Any CPU
		{2C0D2542-1405-4ACA-AC86-D4B74FC4B08B}.Ad-Hoc|Any CPU.Build.0 = Release|Any CPU
		{2C0D2542-1405-4ACA-AC86-D4B74FC4B08B}.Ad-Hoc|Any CPU.Deploy.0 = Release|Any CPU
		{2C0D2542-1405-4ACA-AC86-D4B74FC4B08B}.Ad-Hoc|ARM.ActiveCfg = Release|Any CPU
		{2C0D2542-1405-4ACA-AC86-D4B74FC4B08B}.Ad-Hoc|ARM.Build.0 = Release|Any CPU
		{2C0D2542-1405-4ACA-AC86-D4B74FC4B08B}.Ad-Hoc|ARM.Deploy.0 = Release|Any CPU
		{2C0D2542-1405-4ACA-AC86-D4B74FC4B08B}.Ad-Hoc|iPhone.ActiveCfg = Release|Any CPU
		{2C0D2542-1405-4ACA-AC86-D4B74FC4B08B}.Ad-Hoc|iPhone.Build.0 = Release|Any CPU
		{2C0D2542-1405-4ACA-AC86-D4B74FC4B08B}.Ad-Hoc|iPhone.Deploy.0 = Release|Any CPU
		{2C0D2542-1405-4ACA-AC86-D4B74FC4B08B}.Ad-Hoc|iPhoneSimulator.ActiveCfg = Release|Any CPU
		{2C0D2542-1405-4ACA-AC86-D4B74FC4B08B}.Ad-Hoc|iPhoneSimulator.Build.0 = Release|Any CPU
		{2C0D2542-1405-4ACA-AC86-D4B74FC4B08B}.Ad-Hoc|iPhoneSimulator.Deploy.0 = Release|Any CPU
		{2C0D2542-1405-4ACA-AC86-D4B74FC4B08B}.Ad-Hoc|x64.ActiveCfg = Release|Any CPU
		{2C0D2542-1405-4ACA-AC86-D4B74FC4B08B}.Ad-Hoc|x64.Build.0 = Release|Any CPU
		{2C0D2542-1405-4ACA-AC86-D4B74FC4B08B}.Ad-Hoc|x64.Deploy.0 = Release|Any CPU
		{2C0D2542-1405-4ACA-AC86-D4B74FC4B08B}.Ad-Hoc|x86.ActiveCfg = Release|Any CPU
		{2C0D2542-1405-4ACA-AC86-D4B74FC4B08B}.Ad-Hoc|x86.Build.0 = Release|Any CPU
		{2C0D2542-1405-4ACA-AC86-D4B74FC4B08B}.Ad-Hoc|x86.Deploy.0 = Release|Any CPU
		{2C0D2542-1405-4ACA-AC86-D4B74FC4B08B}.AppStore|Any CPU.ActiveCfg = Release|Any CPU
		{2C0D2542-1405-4ACA-AC86-D4B74FC4B08B}.AppStore|Any CPU.Build.0 = Release|Any CPU
		{2C0D2542-1405-4ACA-AC86-D4B74FC4B08B}.AppStore|Any CPU.Deploy.0 = Release|Any CPU
		{2C0D2542-1405-4ACA-AC86-D4B74FC4B08B}.AppStore|ARM.ActiveCfg = Release|Any CPU
		{2C0D2542-1405-4ACA-AC86-D4B74FC4B08B}.AppStore|ARM.Build.0 = Release|Any CPU
		{2C0D2542-1405-4ACA-AC86-D4B74FC4B08B}.AppStore|ARM.Deploy.0 = Release|Any CPU
		{2C0D2542-1405-4ACA-AC86-D4B74FC4B08B}.AppStore|iPhone.ActiveCfg = Release|Any CPU
		{2C0D2542-1405-4ACA-AC86-D4B74FC4B08B}.AppStore|iPhone.Build.0 = Release|Any CPU
		{2C0D2542-1405-4ACA-AC86-D4B74FC4B08B}.AppStore|iPhone.Deploy.0 = Release|Any CPU
		{2C0D2542-1405-4ACA-AC86-D4B74FC4B08B}.AppStore|iPhoneSimulator.ActiveCfg = Release|Any CPU
		{2C0D2542-1405-4ACA-AC86-D4B74FC4B08B}.AppStore|iPhoneSimulator.Build.0 = Release|Any CPU
		{2C0D2542-1405-4ACA-AC86-D4B74FC4B08B}.AppStore|iPhoneSimulator.Deploy.0 = Release|Any CPU
		{2C0D2542-1405-4ACA-AC86-D4B74FC4B08B}.AppStore|x64.ActiveCfg = Release|Any CPU
		{2C0D2542-1405-4ACA-AC86-D4B74FC4B08B}.AppStore|x64.Build.0 = Release|Any CPU
		{2C0D2542-1405-4ACA-AC86-D4B74FC4B08B}.AppStore|x64.Deploy.0 = Release|Any CPU
		{2C0D2542-1405-4ACA-AC86-D4B74FC4B08B}.AppStore|x86.ActiveCfg = Release|Any CPU
		{2C0D2542-1405-4ACA-AC86-D4B74FC4B08B}.AppStore|x86.Build.0 = Release|Any CPU
		{2C0D2542-1405-4ACA-AC86-D4B74FC4B08B}.AppStore|x86.Deploy.0 = Release|Any CPU
		{2C0D2542-1405-4ACA-AC86-D4B74FC4B08B}.Debug|Any CPU.ActiveCfg = Debug|Any CPU
		{2C0D2542-1405-4ACA-AC86-D4B74FC4B08B}.Debug|Any CPU.Build.0 = Debug|Any CPU
		{2C0D2542-1405-4ACA-AC86-D4B74FC4B08B}.Debug|Any CPU.Deploy.0 = Debug|Any CPU
		{2C0D2542-1405-4ACA-AC86-D4B74FC4B08B}.Debug|ARM.ActiveCfg = Debug|Any CPU
		{2C0D2542-1405-4ACA-AC86-D4B74FC4B08B}.Debug|ARM.Build.0 = Debug|Any CPU
		{2C0D2542-1405-4ACA-AC86-D4B74FC4B08B}.Debug|ARM.Deploy.0 = Debug|Any CPU
		{2C0D2542-1405-4ACA-AC86-D4B74FC4B08B}.Debug|iPhone.ActiveCfg = Debug|Any CPU
		{2C0D2542-1405-4ACA-AC86-D4B74FC4B08B}.Debug|iPhone.Build.0 = Debug|Any CPU
		{2C0D2542-1405-4ACA-AC86-D4B74FC4B08B}.Debug|iPhone.Deploy.0 = Debug|Any CPU
		{2C0D2542-1405-4ACA-AC86-D4B74FC4B08B}.Debug|iPhoneSimulator.ActiveCfg = Debug|Any CPU
		{2C0D2542-1405-4ACA-AC86-D4B74FC4B08B}.Debug|iPhoneSimulator.Build.0 = Debug|Any CPU
		{2C0D2542-1405-4ACA-AC86-D4B74FC4B08B}.Debug|iPhoneSimulator.Deploy.0 = Debug|Any CPU
		{2C0D2542-1405-4ACA-AC86-D4B74FC4B08B}.Debug|x64.ActiveCfg = Debug|Any CPU
		{2C0D2542-1405-4ACA-AC86-D4B74FC4B08B}.Debug|x64.Build.0 = Debug|Any CPU
		{2C0D2542-1405-4ACA-AC86-D4B74FC4B08B}.Debug|x64.Deploy.0 = Debug|Any CPU
		{2C0D2542-1405-4ACA-AC86-D4B74FC4B08B}.Debug|x86.ActiveCfg = Debug|Any CPU
		{2C0D2542-1405-4ACA-AC86-D4B74FC4B08B}.Debug|x86.Build.0 = Debug|Any CPU
		{2C0D2542-1405-4ACA-AC86-D4B74FC4B08B}.Debug|x86.Deploy.0 = Debug|Any CPU
		{2C0D2542-1405-4ACA-AC86-D4B74FC4B08B}.Release|Any CPU.ActiveCfg = Release|Any CPU
		{2C0D2542-1405-4ACA-AC86-D4B74FC4B08B}.Release|Any CPU.Build.0 = Release|Any CPU
		{2C0D2542-1405-4ACA-AC86-D4B74FC4B08B}.Release|Any CPU.Deploy.0 = Release|Any CPU
		{2C0D2542-1405-4ACA-AC86-D4B74FC4B08B}.Release|ARM.ActiveCfg = Release|Any CPU
		{2C0D2542-1405-4ACA-AC86-D4B74FC4B08B}.Release|ARM.Build.0 = Release|Any CPU
		{2C0D2542-1405-4ACA-AC86-D4B74FC4B08B}.Release|ARM.Deploy.0 = Release|Any CPU
		{2C0D2542-1405-4ACA-AC86-D4B74FC4B08B}.Release|iPhone.ActiveCfg = Release|Any CPU
		{2C0D2542-1405-4ACA-AC86-D4B74FC4B08B}.Release|iPhone.Build.0 = Release|Any CPU
		{2C0D2542-1405-4ACA-AC86-D4B74FC4B08B}.Release|iPhone.Deploy.0 = Release|Any CPU
		{2C0D2542-1405-4ACA-AC86-D4B74FC4B08B}.Release|iPhoneSimulator.ActiveCfg = Release|Any CPU
		{2C0D2542-1405-4ACA-AC86-D4B74FC4B08B}.Release|iPhoneSimulator.Build.0 = Release|Any CPU
		{2C0D2542-1405-4ACA-AC86-D4B74FC4B08B}.Release|iPhoneSimulator.Deploy.0 = Release|Any CPU
		{2C0D2542-1405-4ACA-AC86-D4B74FC4B08B}.Release|x64.ActiveCfg = Release|Any CPU
		{2C0D2542-1405-4ACA-AC86-D4B74FC4B08B}.Release|x64.Build.0 = Release|Any CPU
		{2C0D2542-1405-4ACA-AC86-D4B74FC4B08B}.Release|x64.Deploy.0 = Release|Any CPU
		{2C0D2542-1405-4ACA-AC86-D4B74FC4B08B}.Release|x86.ActiveCfg = Release|Any CPU
		{2C0D2542-1405-4ACA-AC86-D4B74FC4B08B}.Release|x86.Build.0 = Release|Any CPU
		{2C0D2542-1405-4ACA-AC86-D4B74FC4B08B}.Release|x86.Deploy.0 = Release|Any CPU
		{4F870AB9-AF67-4DFF-9987-01B888164E09}.Ad-Hoc|Any CPU.ActiveCfg = Release|Any CPU
		{4F870AB9-AF67-4DFF-9987-01B888164E09}.Ad-Hoc|Any CPU.Build.0 = Release|Any CPU
		{4F870AB9-AF67-4DFF-9987-01B888164E09}.Ad-Hoc|ARM.ActiveCfg = Release|Any CPU
		{4F870AB9-AF67-4DFF-9987-01B888164E09}.Ad-Hoc|ARM.Build.0 = Release|Any CPU
		{4F870AB9-AF67-4DFF-9987-01B888164E09}.Ad-Hoc|iPhone.ActiveCfg = Release|Any CPU
		{4F870AB9-AF67-4DFF-9987-01B888164E09}.Ad-Hoc|iPhone.Build.0 = Release|Any CPU
		{4F870AB9-AF67-4DFF-9987-01B888164E09}.Ad-Hoc|iPhoneSimulator.ActiveCfg = Release|Any CPU
		{4F870AB9-AF67-4DFF-9987-01B888164E09}.Ad-Hoc|iPhoneSimulator.Build.0 = Release|Any CPU
		{4F870AB9-AF67-4DFF-9987-01B888164E09}.Ad-Hoc|x64.ActiveCfg = Release|Any CPU
		{4F870AB9-AF67-4DFF-9987-01B888164E09}.Ad-Hoc|x64.Build.0 = Release|Any CPU
		{4F870AB9-AF67-4DFF-9987-01B888164E09}.Ad-Hoc|x86.ActiveCfg = Release|Any CPU
		{4F870AB9-AF67-4DFF-9987-01B888164E09}.Ad-Hoc|x86.Build.0 = Release|Any CPU
		{4F870AB9-AF67-4DFF-9987-01B888164E09}.AppStore|Any CPU.ActiveCfg = Release|Any CPU
		{4F870AB9-AF67-4DFF-9987-01B888164E09}.AppStore|Any CPU.Build.0 = Release|Any CPU
		{4F870AB9-AF67-4DFF-9987-01B888164E09}.AppStore|ARM.ActiveCfg = Release|Any CPU
		{4F870AB9-AF67-4DFF-9987-01B888164E09}.AppStore|ARM.Build.0 = Release|Any CPU
		{4F870AB9-AF67-4DFF-9987-01B888164E09}.AppStore|iPhone.ActiveCfg = Release|Any CPU
		{4F870AB9-AF67-4DFF-9987-01B888164E09}.AppStore|iPhone.Build.0 = Release|Any CPU
		{4F870AB9-AF67-4DFF-9987-01B888164E09}.AppStore|iPhoneSimulator.ActiveCfg = Release|Any CPU
		{4F870AB9-AF67-4DFF-9987-01B888164E09}.AppStore|iPhoneSimulator.Build.0 = Release|Any CPU
		{4F870AB9-AF67-4DFF-9987-01B888164E09}.AppStore|x64.ActiveCfg = Release|Any CPU
		{4F870AB9-AF67-4DFF-9987-01B888164E09}.AppStore|x64.Build.0 = Release|Any CPU
		{4F870AB9-AF67-4DFF-9987-01B888164E09}.AppStore|x86.ActiveCfg = Release|Any CPU
		{4F870AB9-AF67-4DFF-9987-01B888164E09}.AppStore|x86.Build.0 = Release|Any CPU
		{4F870AB9-AF67-4DFF-9987-01B888164E09}.Debug|Any CPU.ActiveCfg = Debug|Any CPU
		{4F870AB9-AF67-4DFF-9987-01B888164E09}.Debug|Any CPU.Build.0 = Debug|Any CPU
		{4F870AB9-AF67-4DFF-9987-01B888164E09}.Debug|ARM.ActiveCfg = Debug|Any CPU
		{4F870AB9-AF67-4DFF-9987-01B888164E09}.Debug|ARM.Build.0 = Debug|Any CPU
		{4F870AB9-AF67-4DFF-9987-01B888164E09}.Debug|iPhone.ActiveCfg = Debug|Any CPU
		{4F870AB9-AF67-4DFF-9987-01B888164E09}.Debug|iPhone.Build.0 = Debug|Any CPU
		{4F870AB9-AF67-4DFF-9987-01B888164E09}.Debug|iPhoneSimulator.ActiveCfg = Debug|Any CPU
		{4F870AB9-AF67-4DFF-9987-01B888164E09}.Debug|iPhoneSimulator.Build.0 = Debug|Any CPU
		{4F870AB9-AF67-4DFF-9987-01B888164E09}.Debug|x64.ActiveCfg = Debug|Any CPU
		{4F870AB9-AF67-4DFF-9987-01B888164E09}.Debug|x64.Build.0 = Debug|Any CPU
		{4F870AB9-AF67-4DFF-9987-01B888164E09}.Debug|x86.ActiveCfg = Debug|Any CPU
		{4F870AB9-AF67-4DFF-9987-01B888164E09}.Debug|x86.Build.0 = Debug|Any CPU
		{4F870AB9-AF67-4DFF-9987-01B888164E09}.Release|Any CPU.ActiveCfg = Release|Any CPU
		{4F870AB9-AF67-4DFF-9987-01B888164E09}.Release|Any CPU.Build.0 = Release|Any CPU
		{4F870AB9-AF67-4DFF-9987-01B888164E09}.Release|ARM.ActiveCfg = Release|Any CPU
		{4F870AB9-AF67-4DFF-9987-01B888164E09}.Release|ARM.Build.0 = Release|Any CPU
		{4F870AB9-AF67-4DFF-9987-01B888164E09}.Release|iPhone.ActiveCfg = Release|Any CPU
		{4F870AB9-AF67-4DFF-9987-01B888164E09}.Release|iPhone.Build.0 = Release|Any CPU
		{4F870AB9-AF67-4DFF-9987-01B888164E09}.Release|iPhoneSimulator.ActiveCfg = Release|Any CPU
		{4F870AB9-AF67-4DFF-9987-01B888164E09}.Release|iPhoneSimulator.Build.0 = Release|Any CPU
		{4F870AB9-AF67-4DFF-9987-01B888164E09}.Release|x64.ActiveCfg = Release|Any CPU
		{4F870AB9-AF67-4DFF-9987-01B888164E09}.Release|x64.Build.0 = Release|Any CPU
		{4F870AB9-AF67-4DFF-9987-01B888164E09}.Release|x86.ActiveCfg = Release|Any CPU
		{4F870AB9-AF67-4DFF-9987-01B888164E09}.Release|x86.Build.0 = Release|Any CPU
		{04B50F67-68AB-4A6F-83F3-09FEEA9C4C48}.Ad-Hoc|Any CPU.ActiveCfg = Release|Any CPU
		{04B50F67-68AB-4A6F-83F3-09FEEA9C4C48}.Ad-Hoc|Any CPU.Build.0 = Release|Any CPU
		{04B50F67-68AB-4A6F-83F3-09FEEA9C4C48}.Ad-Hoc|Any CPU.Deploy.0 = Release|Any CPU
		{04B50F67-68AB-4A6F-83F3-09FEEA9C4C48}.Ad-Hoc|ARM.ActiveCfg = Release|ARM
		{04B50F67-68AB-4A6F-83F3-09FEEA9C4C48}.Ad-Hoc|ARM.Build.0 = Release|ARM
		{04B50F67-68AB-4A6F-83F3-09FEEA9C4C48}.Ad-Hoc|ARM.Deploy.0 = Release|ARM
		{04B50F67-68AB-4A6F-83F3-09FEEA9C4C48}.Ad-Hoc|iPhone.ActiveCfg = Release|Any CPU
		{04B50F67-68AB-4A6F-83F3-09FEEA9C4C48}.Ad-Hoc|iPhone.Build.0 = Release|Any CPU
		{04B50F67-68AB-4A6F-83F3-09FEEA9C4C48}.Ad-Hoc|iPhone.Deploy.0 = Release|Any CPU
		{04B50F67-68AB-4A6F-83F3-09FEEA9C4C48}.Ad-Hoc|iPhoneSimulator.ActiveCfg = Release|Any CPU
		{04B50F67-68AB-4A6F-83F3-09FEEA9C4C48}.Ad-Hoc|iPhoneSimulator.Build.0 = Release|Any CPU
		{04B50F67-68AB-4A6F-83F3-09FEEA9C4C48}.Ad-Hoc|iPhoneSimulator.Deploy.0 = Release|Any CPU
		{04B50F67-68AB-4A6F-83F3-09FEEA9C4C48}.Ad-Hoc|x64.ActiveCfg = Release|Any CPU
		{04B50F67-68AB-4A6F-83F3-09FEEA9C4C48}.Ad-Hoc|x64.Build.0 = Release|Any CPU
		{04B50F67-68AB-4A6F-83F3-09FEEA9C4C48}.Ad-Hoc|x64.Deploy.0 = Release|Any CPU
		{04B50F67-68AB-4A6F-83F3-09FEEA9C4C48}.Ad-Hoc|x86.ActiveCfg = Release|x86
		{04B50F67-68AB-4A6F-83F3-09FEEA9C4C48}.Ad-Hoc|x86.Build.0 = Release|x86
		{04B50F67-68AB-4A6F-83F3-09FEEA9C4C48}.Ad-Hoc|x86.Deploy.0 = Release|x86
		{04B50F67-68AB-4A6F-83F3-09FEEA9C4C48}.AppStore|Any CPU.ActiveCfg = Release|Any CPU
		{04B50F67-68AB-4A6F-83F3-09FEEA9C4C48}.AppStore|Any CPU.Build.0 = Release|Any CPU
		{04B50F67-68AB-4A6F-83F3-09FEEA9C4C48}.AppStore|Any CPU.Deploy.0 = Release|Any CPU
		{04B50F67-68AB-4A6F-83F3-09FEEA9C4C48}.AppStore|ARM.ActiveCfg = Release|ARM
		{04B50F67-68AB-4A6F-83F3-09FEEA9C4C48}.AppStore|ARM.Build.0 = Release|ARM
		{04B50F67-68AB-4A6F-83F3-09FEEA9C4C48}.AppStore|ARM.Deploy.0 = Release|ARM
		{04B50F67-68AB-4A6F-83F3-09FEEA9C4C48}.AppStore|iPhone.ActiveCfg = Release|Any CPU
		{04B50F67-68AB-4A6F-83F3-09FEEA9C4C48}.AppStore|iPhone.Build.0 = Release|Any CPU
		{04B50F67-68AB-4A6F-83F3-09FEEA9C4C48}.AppStore|iPhone.Deploy.0 = Release|Any CPU
		{04B50F67-68AB-4A6F-83F3-09FEEA9C4C48}.AppStore|iPhoneSimulator.ActiveCfg = Release|Any CPU
		{04B50F67-68AB-4A6F-83F3-09FEEA9C4C48}.AppStore|iPhoneSimulator.Build.0 = Release|Any CPU
		{04B50F67-68AB-4A6F-83F3-09FEEA9C4C48}.AppStore|iPhoneSimulator.Deploy.0 = Release|Any CPU
		{04B50F67-68AB-4A6F-83F3-09FEEA9C4C48}.AppStore|x64.ActiveCfg = Release|Any CPU
		{04B50F67-68AB-4A6F-83F3-09FEEA9C4C48}.AppStore|x64.Build.0 = Release|Any CPU
		{04B50F67-68AB-4A6F-83F3-09FEEA9C4C48}.AppStore|x64.Deploy.0 = Release|Any CPU
		{04B50F67-68AB-4A6F-83F3-09FEEA9C4C48}.AppStore|x86.ActiveCfg = Release|x86
		{04B50F67-68AB-4A6F-83F3-09FEEA9C4C48}.AppStore|x86.Build.0 = Release|x86
		{04B50F67-68AB-4A6F-83F3-09FEEA9C4C48}.AppStore|x86.Deploy.0 = Release|x86
		{04B50F67-68AB-4A6F-83F3-09FEEA9C4C48}.Debug|Any CPU.ActiveCfg = Debug|Any CPU
		{04B50F67-68AB-4A6F-83F3-09FEEA9C4C48}.Debug|Any CPU.Build.0 = Debug|Any CPU
		{04B50F67-68AB-4A6F-83F3-09FEEA9C4C48}.Debug|Any CPU.Deploy.0 = Debug|Any CPU
		{04B50F67-68AB-4A6F-83F3-09FEEA9C4C48}.Debug|ARM.ActiveCfg = Debug|ARM
		{04B50F67-68AB-4A6F-83F3-09FEEA9C4C48}.Debug|ARM.Build.0 = Debug|ARM
		{04B50F67-68AB-4A6F-83F3-09FEEA9C4C48}.Debug|ARM.Deploy.0 = Debug|ARM
		{04B50F67-68AB-4A6F-83F3-09FEEA9C4C48}.Debug|iPhone.ActiveCfg = Debug|Any CPU
		{04B50F67-68AB-4A6F-83F3-09FEEA9C4C48}.Debug|iPhone.Build.0 = Debug|Any CPU
		{04B50F67-68AB-4A6F-83F3-09FEEA9C4C48}.Debug|iPhone.Deploy.0 = Debug|Any CPU
		{04B50F67-68AB-4A6F-83F3-09FEEA9C4C48}.Debug|iPhoneSimulator.ActiveCfg = Debug|Any CPU
		{04B50F67-68AB-4A6F-83F3-09FEEA9C4C48}.Debug|iPhoneSimulator.Build.0 = Debug|Any CPU
		{04B50F67-68AB-4A6F-83F3-09FEEA9C4C48}.Debug|iPhoneSimulator.Deploy.0 = Debug|Any CPU
		{04B50F67-68AB-4A6F-83F3-09FEEA9C4C48}.Debug|x64.ActiveCfg = Debug|Any CPU
		{04B50F67-68AB-4A6F-83F3-09FEEA9C4C48}.Debug|x64.Build.0 = Debug|Any CPU
		{04B50F67-68AB-4A6F-83F3-09FEEA9C4C48}.Debug|x64.Deploy.0 = Debug|Any CPU
		{04B50F67-68AB-4A6F-83F3-09FEEA9C4C48}.Debug|x86.ActiveCfg = Debug|x86
		{04B50F67-68AB-4A6F-83F3-09FEEA9C4C48}.Debug|x86.Build.0 = Debug|x86
		{04B50F67-68AB-4A6F-83F3-09FEEA9C4C48}.Debug|x86.Deploy.0 = Debug|x86
		{04B50F67-68AB-4A6F-83F3-09FEEA9C4C48}.Release|Any CPU.ActiveCfg = Release|Any CPU
		{04B50F67-68AB-4A6F-83F3-09FEEA9C4C48}.Release|Any CPU.Build.0 = Release|Any CPU
		{04B50F67-68AB-4A6F-83F3-09FEEA9C4C48}.Release|Any CPU.Deploy.0 = Release|Any CPU
		{04B50F67-68AB-4A6F-83F3-09FEEA9C4C48}.Release|ARM.ActiveCfg = Release|ARM
		{04B50F67-68AB-4A6F-83F3-09FEEA9C4C48}.Release|ARM.Build.0 = Release|ARM
		{04B50F67-68AB-4A6F-83F3-09FEEA9C4C48}.Release|ARM.Deploy.0 = Release|ARM
		{04B50F67-68AB-4A6F-83F3-09FEEA9C4C48}.Release|iPhone.ActiveCfg = Release|Any CPU
		{04B50F67-68AB-4A6F-83F3-09FEEA9C4C48}.Release|iPhone.Build.0 = Release|Any CPU
		{04B50F67-68AB-4A6F-83F3-09FEEA9C4C48}.Release|iPhone.Deploy.0 = Release|Any CPU
		{04B50F67-68AB-4A6F-83F3-09FEEA9C4C48}.Release|iPhoneSimulator.ActiveCfg = Release|Any CPU
		{04B50F67-68AB-4A6F-83F3-09FEEA9C4C48}.Release|iPhoneSimulator.Build.0 = Release|Any CPU
		{04B50F67-68AB-4A6F-83F3-09FEEA9C4C48}.Release|iPhoneSimulator.Deploy.0 = Release|Any CPU
		{04B50F67-68AB-4A6F-83F3-09FEEA9C4C48}.Release|x64.ActiveCfg = Release|Any CPU
		{04B50F67-68AB-4A6F-83F3-09FEEA9C4C48}.Release|x64.Build.0 = Release|Any CPU
		{04B50F67-68AB-4A6F-83F3-09FEEA9C4C48}.Release|x64.Deploy.0 = Release|Any CPU
		{04B50F67-68AB-4A6F-83F3-09FEEA9C4C48}.Release|x86.ActiveCfg = Release|x86
		{04B50F67-68AB-4A6F-83F3-09FEEA9C4C48}.Release|x86.Build.0 = Release|x86
		{04B50F67-68AB-4A6F-83F3-09FEEA9C4C48}.Release|x86.Deploy.0 = Release|x86
		{1ACEF05D-522A-49C1-A0BF-C9A3FBC9B4AE}.Ad-Hoc|Any CPU.ActiveCfg = Release|x86
		{1ACEF05D-522A-49C1-A0BF-C9A3FBC9B4AE}.Ad-Hoc|Any CPU.Build.0 = Release|x86
		{1ACEF05D-522A-49C1-A0BF-C9A3FBC9B4AE}.Ad-Hoc|Any CPU.Deploy.0 = Release|x86
		{1ACEF05D-522A-49C1-A0BF-C9A3FBC9B4AE}.Ad-Hoc|ARM.ActiveCfg = Release|ARM
		{1ACEF05D-522A-49C1-A0BF-C9A3FBC9B4AE}.Ad-Hoc|ARM.Build.0 = Release|ARM
		{1ACEF05D-522A-49C1-A0BF-C9A3FBC9B4AE}.Ad-Hoc|ARM.Deploy.0 = Release|ARM
		{1ACEF05D-522A-49C1-A0BF-C9A3FBC9B4AE}.Ad-Hoc|iPhone.ActiveCfg = Release|x86
		{1ACEF05D-522A-49C1-A0BF-C9A3FBC9B4AE}.Ad-Hoc|iPhone.Build.0 = Release|x86
		{1ACEF05D-522A-49C1-A0BF-C9A3FBC9B4AE}.Ad-Hoc|iPhone.Deploy.0 = Release|x86
		{1ACEF05D-522A-49C1-A0BF-C9A3FBC9B4AE}.Ad-Hoc|iPhoneSimulator.ActiveCfg = Release|x86
		{1ACEF05D-522A-49C1-A0BF-C9A3FBC9B4AE}.Ad-Hoc|iPhoneSimulator.Build.0 = Release|x86
		{1ACEF05D-522A-49C1-A0BF-C9A3FBC9B4AE}.Ad-Hoc|iPhoneSimulator.Deploy.0 = Release|x86
		{1ACEF05D-522A-49C1-A0BF-C9A3FBC9B4AE}.Ad-Hoc|x64.ActiveCfg = Release|x64
		{1ACEF05D-522A-49C1-A0BF-C9A3FBC9B4AE}.Ad-Hoc|x64.Build.0 = Release|x64
		{1ACEF05D-522A-49C1-A0BF-C9A3FBC9B4AE}.Ad-Hoc|x64.Deploy.0 = Release|x64
		{1ACEF05D-522A-49C1-A0BF-C9A3FBC9B4AE}.Ad-Hoc|x86.ActiveCfg = Release|x86
		{1ACEF05D-522A-49C1-A0BF-C9A3FBC9B4AE}.Ad-Hoc|x86.Build.0 = Release|x86
		{1ACEF05D-522A-49C1-A0BF-C9A3FBC9B4AE}.Ad-Hoc|x86.Deploy.0 = Release|x86
		{1ACEF05D-522A-49C1-A0BF-C9A3FBC9B4AE}.AppStore|Any CPU.ActiveCfg = Release|x86
		{1ACEF05D-522A-49C1-A0BF-C9A3FBC9B4AE}.AppStore|Any CPU.Build.0 = Release|x86
		{1ACEF05D-522A-49C1-A0BF-C9A3FBC9B4AE}.AppStore|Any CPU.Deploy.0 = Release|x86
		{1ACEF05D-522A-49C1-A0BF-C9A3FBC9B4AE}.AppStore|ARM.ActiveCfg = Release|ARM
		{1ACEF05D-522A-49C1-A0BF-C9A3FBC9B4AE}.AppStore|ARM.Build.0 = Release|ARM
		{1ACEF05D-522A-49C1-A0BF-C9A3FBC9B4AE}.AppStore|ARM.Deploy.0 = Release|ARM
		{1ACEF05D-522A-49C1-A0BF-C9A3FBC9B4AE}.AppStore|iPhone.ActiveCfg = Release|x86
		{1ACEF05D-522A-49C1-A0BF-C9A3FBC9B4AE}.AppStore|iPhone.Build.0 = Release|x86
		{1ACEF05D-522A-49C1-A0BF-C9A3FBC9B4AE}.AppStore|iPhone.Deploy.0 = Release|x86
		{1ACEF05D-522A-49C1-A0BF-C9A3FBC9B4AE}.AppStore|iPhoneSimulator.ActiveCfg = Release|x86
		{1ACEF05D-522A-49C1-A0BF-C9A3FBC9B4AE}.AppStore|iPhoneSimulator.Build.0 = Release|x86
		{1ACEF05D-522A-49C1-A0BF-C9A3FBC9B4AE}.AppStore|iPhoneSimulator.Deploy.0 = Release|x86
		{1ACEF05D-522A-49C1-A0BF-C9A3FBC9B4AE}.AppStore|x64.ActiveCfg = Release|x64
		{1ACEF05D-522A-49C1-A0BF-C9A3FBC9B4AE}.AppStore|x64.Build.0 = Release|x64
		{1ACEF05D-522A-49C1-A0BF-C9A3FBC9B4AE}.AppStore|x64.Deploy.0 = Release|x64
		{1ACEF05D-522A-49C1-A0BF-C9A3FBC9B4AE}.AppStore|x86.ActiveCfg = Release|x86
		{1ACEF05D-522A-49C1-A0BF-C9A3FBC9B4AE}.AppStore|x86.Build.0 = Release|x86
		{1ACEF05D-522A-49C1-A0BF-C9A3FBC9B4AE}.AppStore|x86.Deploy.0 = Release|x86
		{1ACEF05D-522A-49C1-A0BF-C9A3FBC9B4AE}.Debug|Any CPU.ActiveCfg = Debug|x86
		{1ACEF05D-522A-49C1-A0BF-C9A3FBC9B4AE}.Debug|ARM.ActiveCfg = Debug|ARM
		{1ACEF05D-522A-49C1-A0BF-C9A3FBC9B4AE}.Debug|ARM.Build.0 = Debug|ARM
		{1ACEF05D-522A-49C1-A0BF-C9A3FBC9B4AE}.Debug|ARM.Deploy.0 = Debug|ARM
		{1ACEF05D-522A-49C1-A0BF-C9A3FBC9B4AE}.Debug|iPhone.ActiveCfg = Debug|x86
		{1ACEF05D-522A-49C1-A0BF-C9A3FBC9B4AE}.Debug|iPhoneSimulator.ActiveCfg = Debug|x86
		{1ACEF05D-522A-49C1-A0BF-C9A3FBC9B4AE}.Debug|x64.ActiveCfg = Debug|x64
		{1ACEF05D-522A-49C1-A0BF-C9A3FBC9B4AE}.Debug|x64.Build.0 = Debug|x64
		{1ACEF05D-522A-49C1-A0BF-C9A3FBC9B4AE}.Debug|x64.Deploy.0 = Debug|x64
		{1ACEF05D-522A-49C1-A0BF-C9A3FBC9B4AE}.Debug|x86.ActiveCfg = Debug|x86
		{1ACEF05D-522A-49C1-A0BF-C9A3FBC9B4AE}.Debug|x86.Build.0 = Debug|x86
		{1ACEF05D-522A-49C1-A0BF-C9A3FBC9B4AE}.Debug|x86.Deploy.0 = Debug|x86
		{1ACEF05D-522A-49C1-A0BF-C9A3FBC9B4AE}.Release|Any CPU.ActiveCfg = Release|x86
		{1ACEF05D-522A-49C1-A0BF-C9A3FBC9B4AE}.Release|ARM.ActiveCfg = Release|ARM
		{1ACEF05D-522A-49C1-A0BF-C9A3FBC9B4AE}.Release|ARM.Build.0 = Release|ARM
		{1ACEF05D-522A-49C1-A0BF-C9A3FBC9B4AE}.Release|ARM.Deploy.0 = Release|ARM
		{1ACEF05D-522A-49C1-A0BF-C9A3FBC9B4AE}.Release|iPhone.ActiveCfg = Release|x86
		{1ACEF05D-522A-49C1-A0BF-C9A3FBC9B4AE}.Release|iPhoneSimulator.ActiveCfg = Release|x86
		{1ACEF05D-522A-49C1-A0BF-C9A3FBC9B4AE}.Release|x64.ActiveCfg = Release|x64
		{1ACEF05D-522A-49C1-A0BF-C9A3FBC9B4AE}.Release|x64.Build.0 = Release|x64
		{1ACEF05D-522A-49C1-A0BF-C9A3FBC9B4AE}.Release|x64.Deploy.0 = Release|x64
		{1ACEF05D-522A-49C1-A0BF-C9A3FBC9B4AE}.Release|x86.ActiveCfg = Release|x86
		{1ACEF05D-522A-49C1-A0BF-C9A3FBC9B4AE}.Release|x86.Build.0 = Release|x86
		{1ACEF05D-522A-49C1-A0BF-C9A3FBC9B4AE}.Release|x86.Deploy.0 = Release|x86
		{B645B7C2-4C2A-47FE-A3D7-5F0D3AB510B8}.Ad-Hoc|Any CPU.ActiveCfg = Ad-Hoc|iPhone
		{B645B7C2-4C2A-47FE-A3D7-5F0D3AB510B8}.Ad-Hoc|ARM.ActiveCfg = Ad-Hoc|iPhone
		{B645B7C2-4C2A-47FE-A3D7-5F0D3AB510B8}.Ad-Hoc|iPhone.ActiveCfg = Ad-Hoc|iPhone
		{B645B7C2-4C2A-47FE-A3D7-5F0D3AB510B8}.Ad-Hoc|iPhone.Build.0 = Ad-Hoc|iPhone
		{B645B7C2-4C2A-47FE-A3D7-5F0D3AB510B8}.Ad-Hoc|iPhoneSimulator.ActiveCfg = Ad-Hoc|iPhoneSimulator
		{B645B7C2-4C2A-47FE-A3D7-5F0D3AB510B8}.Ad-Hoc|iPhoneSimulator.Build.0 = Ad-Hoc|iPhoneSimulator
		{B645B7C2-4C2A-47FE-A3D7-5F0D3AB510B8}.Ad-Hoc|x64.ActiveCfg = Ad-Hoc|iPhone
		{B645B7C2-4C2A-47FE-A3D7-5F0D3AB510B8}.Ad-Hoc|x86.ActiveCfg = Ad-Hoc|iPhone
		{B645B7C2-4C2A-47FE-A3D7-5F0D3AB510B8}.AppStore|Any CPU.ActiveCfg = AppStore|iPhone
		{B645B7C2-4C2A-47FE-A3D7-5F0D3AB510B8}.AppStore|ARM.ActiveCfg = AppStore|iPhone
		{B645B7C2-4C2A-47FE-A3D7-5F0D3AB510B8}.AppStore|iPhone.ActiveCfg = AppStore|iPhone
		{B645B7C2-4C2A-47FE-A3D7-5F0D3AB510B8}.AppStore|iPhone.Build.0 = AppStore|iPhone
		{B645B7C2-4C2A-47FE-A3D7-5F0D3AB510B8}.AppStore|iPhoneSimulator.ActiveCfg = AppStore|iPhoneSimulator
		{B645B7C2-4C2A-47FE-A3D7-5F0D3AB510B8}.AppStore|iPhoneSimulator.Build.0 = AppStore|iPhoneSimulator
		{B645B7C2-4C2A-47FE-A3D7-5F0D3AB510B8}.AppStore|x64.ActiveCfg = AppStore|iPhone
		{B645B7C2-4C2A-47FE-A3D7-5F0D3AB510B8}.AppStore|x86.ActiveCfg = AppStore|iPhone
		{B645B7C2-4C2A-47FE-A3D7-5F0D3AB510B8}.Debug|Any CPU.ActiveCfg = Debug|iPhone
		{B645B7C2-4C2A-47FE-A3D7-5F0D3AB510B8}.Debug|ARM.ActiveCfg = Debug|iPhone
		{B645B7C2-4C2A-47FE-A3D7-5F0D3AB510B8}.Debug|iPhone.ActiveCfg = Debug|iPhone
		{B645B7C2-4C2A-47FE-A3D7-5F0D3AB510B8}.Debug|iPhone.Build.0 = Debug|iPhone
		{B645B7C2-4C2A-47FE-A3D7-5F0D3AB510B8}.Debug|iPhoneSimulator.ActiveCfg = Debug|iPhoneSimulator
		{B645B7C2-4C2A-47FE-A3D7-5F0D3AB510B8}.Debug|iPhoneSimulator.Build.0 = Debug|iPhoneSimulator
		{B645B7C2-4C2A-47FE-A3D7-5F0D3AB510B8}.Debug|x64.ActiveCfg = Debug|iPhone
		{B645B7C2-4C2A-47FE-A3D7-5F0D3AB510B8}.Debug|x86.ActiveCfg = Debug|iPhone
		{B645B7C2-4C2A-47FE-A3D7-5F0D3AB510B8}.Release|Any CPU.ActiveCfg = Release|iPhone
		{B645B7C2-4C2A-47FE-A3D7-5F0D3AB510B8}.Release|ARM.ActiveCfg = Release|iPhone
		{B645B7C2-4C2A-47FE-A3D7-5F0D3AB510B8}.Release|iPhone.ActiveCfg = Release|iPhone
		{B645B7C2-4C2A-47FE-A3D7-5F0D3AB510B8}.Release|iPhone.Build.0 = Release|iPhone
		{B645B7C2-4C2A-47FE-A3D7-5F0D3AB510B8}.Release|iPhoneSimulator.ActiveCfg = Release|iPhoneSimulator
		{B645B7C2-4C2A-47FE-A3D7-5F0D3AB510B8}.Release|iPhoneSimulator.Build.0 = Release|iPhoneSimulator
		{B645B7C2-4C2A-47FE-A3D7-5F0D3AB510B8}.Release|x64.ActiveCfg = Release|iPhone
		{B645B7C2-4C2A-47FE-A3D7-5F0D3AB510B8}.Release|x86.ActiveCfg = Release|iPhone
		{42FB7581-805C-4162-BE31-9943BB88F313}.Ad-Hoc|Any CPU.ActiveCfg = Release|Any CPU
		{42FB7581-805C-4162-BE31-9943BB88F313}.Ad-Hoc|Any CPU.Build.0 = Release|Any CPU
		{42FB7581-805C-4162-BE31-9943BB88F313}.Ad-Hoc|Any CPU.Deploy.0 = Release|Any CPU
		{42FB7581-805C-4162-BE31-9943BB88F313}.Ad-Hoc|ARM.ActiveCfg = Release|ARM
		{42FB7581-805C-4162-BE31-9943BB88F313}.Ad-Hoc|ARM.Build.0 = Release|ARM
		{42FB7581-805C-4162-BE31-9943BB88F313}.Ad-Hoc|ARM.Deploy.0 = Release|ARM
		{42FB7581-805C-4162-BE31-9943BB88F313}.Ad-Hoc|iPhone.ActiveCfg = Release|Any CPU
		{42FB7581-805C-4162-BE31-9943BB88F313}.Ad-Hoc|iPhone.Build.0 = Release|Any CPU
		{42FB7581-805C-4162-BE31-9943BB88F313}.Ad-Hoc|iPhone.Deploy.0 = Release|Any CPU
		{42FB7581-805C-4162-BE31-9943BB88F313}.Ad-Hoc|iPhoneSimulator.ActiveCfg = Release|Any CPU
		{42FB7581-805C-4162-BE31-9943BB88F313}.Ad-Hoc|iPhoneSimulator.Build.0 = Release|Any CPU
		{42FB7581-805C-4162-BE31-9943BB88F313}.Ad-Hoc|iPhoneSimulator.Deploy.0 = Release|Any CPU
		{42FB7581-805C-4162-BE31-9943BB88F313}.Ad-Hoc|x64.ActiveCfg = Release|x64
		{42FB7581-805C-4162-BE31-9943BB88F313}.Ad-Hoc|x64.Build.0 = Release|x64
		{42FB7581-805C-4162-BE31-9943BB88F313}.Ad-Hoc|x64.Deploy.0 = Release|x64
		{42FB7581-805C-4162-BE31-9943BB88F313}.Ad-Hoc|x86.ActiveCfg = Release|x86
		{42FB7581-805C-4162-BE31-9943BB88F313}.Ad-Hoc|x86.Build.0 = Release|x86
		{42FB7581-805C-4162-BE31-9943BB88F313}.Ad-Hoc|x86.Deploy.0 = Release|x86
		{42FB7581-805C-4162-BE31-9943BB88F313}.AppStore|Any CPU.ActiveCfg = Release|Any CPU
		{42FB7581-805C-4162-BE31-9943BB88F313}.AppStore|Any CPU.Build.0 = Release|Any CPU
		{42FB7581-805C-4162-BE31-9943BB88F313}.AppStore|Any CPU.Deploy.0 = Release|Any CPU
		{42FB7581-805C-4162-BE31-9943BB88F313}.AppStore|ARM.ActiveCfg = Release|ARM
		{42FB7581-805C-4162-BE31-9943BB88F313}.AppStore|ARM.Build.0 = Release|ARM
		{42FB7581-805C-4162-BE31-9943BB88F313}.AppStore|ARM.Deploy.0 = Release|ARM
		{42FB7581-805C-4162-BE31-9943BB88F313}.AppStore|iPhone.ActiveCfg = Release|Any CPU
		{42FB7581-805C-4162-BE31-9943BB88F313}.AppStore|iPhone.Build.0 = Release|Any CPU
		{42FB7581-805C-4162-BE31-9943BB88F313}.AppStore|iPhone.Deploy.0 = Release|Any CPU
		{42FB7581-805C-4162-BE31-9943BB88F313}.AppStore|iPhoneSimulator.ActiveCfg = Release|Any CPU
		{42FB7581-805C-4162-BE31-9943BB88F313}.AppStore|iPhoneSimulator.Build.0 = Release|Any CPU
		{42FB7581-805C-4162-BE31-9943BB88F313}.AppStore|iPhoneSimulator.Deploy.0 = Release|Any CPU
		{42FB7581-805C-4162-BE31-9943BB88F313}.AppStore|x64.ActiveCfg = Release|x64
		{42FB7581-805C-4162-BE31-9943BB88F313}.AppStore|x64.Build.0 = Release|x64
		{42FB7581-805C-4162-BE31-9943BB88F313}.AppStore|x64.Deploy.0 = Release|x64
		{42FB7581-805C-4162-BE31-9943BB88F313}.AppStore|x86.ActiveCfg = Release|x86
		{42FB7581-805C-4162-BE31-9943BB88F313}.AppStore|x86.Build.0 = Release|x86
		{42FB7581-805C-4162-BE31-9943BB88F313}.AppStore|x86.Deploy.0 = Release|x86
		{42FB7581-805C-4162-BE31-9943BB88F313}.Debug|Any CPU.ActiveCfg = Debug|Any CPU
		{42FB7581-805C-4162-BE31-9943BB88F313}.Debug|Any CPU.Build.0 = Debug|Any CPU
		{42FB7581-805C-4162-BE31-9943BB88F313}.Debug|Any CPU.Deploy.0 = Debug|Any CPU
		{42FB7581-805C-4162-BE31-9943BB88F313}.Debug|ARM.ActiveCfg = Debug|ARM
		{42FB7581-805C-4162-BE31-9943BB88F313}.Debug|ARM.Build.0 = Debug|ARM
		{42FB7581-805C-4162-BE31-9943BB88F313}.Debug|ARM.Deploy.0 = Debug|ARM
		{42FB7581-805C-4162-BE31-9943BB88F313}.Debug|iPhone.ActiveCfg = Debug|Any CPU
		{42FB7581-805C-4162-BE31-9943BB88F313}.Debug|iPhone.Build.0 = Debug|Any CPU
		{42FB7581-805C-4162-BE31-9943BB88F313}.Debug|iPhone.Deploy.0 = Debug|Any CPU
		{42FB7581-805C-4162-BE31-9943BB88F313}.Debug|iPhoneSimulator.ActiveCfg = Debug|Any CPU
		{42FB7581-805C-4162-BE31-9943BB88F313}.Debug|iPhoneSimulator.Build.0 = Debug|Any CPU
		{42FB7581-805C-4162-BE31-9943BB88F313}.Debug|iPhoneSimulator.Deploy.0 = Debug|Any CPU
		{42FB7581-805C-4162-BE31-9943BB88F313}.Debug|x64.ActiveCfg = Debug|x64
		{42FB7581-805C-4162-BE31-9943BB88F313}.Debug|x64.Build.0 = Debug|x64
		{42FB7581-805C-4162-BE31-9943BB88F313}.Debug|x64.Deploy.0 = Debug|x64
		{42FB7581-805C-4162-BE31-9943BB88F313}.Debug|x86.ActiveCfg = Debug|x86
		{42FB7581-805C-4162-BE31-9943BB88F313}.Debug|x86.Build.0 = Debug|x86
		{42FB7581-805C-4162-BE31-9943BB88F313}.Debug|x86.Deploy.0 = Debug|x86
		{42FB7581-805C-4162-BE31-9943BB88F313}.Release|Any CPU.ActiveCfg = Release|Any CPU
		{42FB7581-805C-4162-BE31-9943BB88F313}.Release|Any CPU.Build.0 = Release|Any CPU
		{42FB7581-805C-4162-BE31-9943BB88F313}.Release|Any CPU.Deploy.0 = Release|Any CPU
		{42FB7581-805C-4162-BE31-9943BB88F313}.Release|ARM.ActiveCfg = Release|ARM
		{42FB7581-805C-4162-BE31-9943BB88F313}.Release|ARM.Build.0 = Release|ARM
		{42FB7581-805C-4162-BE31-9943BB88F313}.Release|ARM.Deploy.0 = Release|ARM
		{42FB7581-805C-4162-BE31-9943BB88F313}.Release|iPhone.ActiveCfg = Release|Any CPU
		{42FB7581-805C-4162-BE31-9943BB88F313}.Release|iPhone.Build.0 = Release|Any CPU
		{42FB7581-805C-4162-BE31-9943BB88F313}.Release|iPhone.Deploy.0 = Release|Any CPU
		{42FB7581-805C-4162-BE31-9943BB88F313}.Release|iPhoneSimulator.ActiveCfg = Release|Any CPU
		{42FB7581-805C-4162-BE31-9943BB88F313}.Release|iPhoneSimulator.Build.0 = Release|Any CPU
		{42FB7581-805C-4162-BE31-9943BB88F313}.Release|iPhoneSimulator.Deploy.0 = Release|Any CPU
		{42FB7581-805C-4162-BE31-9943BB88F313}.Release|x64.ActiveCfg = Release|x64
		{42FB7581-805C-4162-BE31-9943BB88F313}.Release|x64.Build.0 = Release|x64
		{42FB7581-805C-4162-BE31-9943BB88F313}.Release|x64.Deploy.0 = Release|x64
		{42FB7581-805C-4162-BE31-9943BB88F313}.Release|x86.ActiveCfg = Release|x86
		{42FB7581-805C-4162-BE31-9943BB88F313}.Release|x86.Build.0 = Release|x86
		{42FB7581-805C-4162-BE31-9943BB88F313}.Release|x86.Deploy.0 = Release|x86
	EndGlobalSection
	GlobalSection(SolutionProperties) = preSolution
		HideSolutionNode = FALSE
	EndGlobalSection
EndGlobal
